
Microsoft Visual Studio Solution File, Format Version 12.00
# Visual Studio Version 17
VisualStudioVersion = 17.13.35931.197 d17.13
MinimumVisualStudioVersion = 10.0.40219.1
Project("{FAE04EC0-301F-11D3-BF4B-00C04F79EFBC}") = "EmployeeManagementSystemProject", "EmployeeManagementSystemProject.csproj", "{8B7042B4-281C-41FC-B444-237FADC921EB}"
EndProject
Global
	GlobalSection(SolutionConfigurationPlatforms) = preSolution
		Debug|Any CPU = Debug|Any CPU
		Release|Any CPU = Release|Any CPU
	EndGlobalSection
	GlobalSection(ProjectConfigurationPlatforms) = postSolution
		{8B7042B4-281C-41FC-B444-237FADC921EB}.Debug|Any CPU.ActiveCfg = Debug|Any CPU
		{8B7042B4-281C-41FC-B444-237FADC921EB}.Debug|Any CPU.Build.0 = Debug|Any CPU
		{8B7042B4-281C-41FC-B444-237FADC921EB}.Release|Any CPU.ActiveCfg = Release|Any CPU
		{8B7042B4-281C-41FC-B444-237FADC921EB}.Release|Any CPU.Build.0 = Release|Any CPU
	EndGlobalSection
	GlobalSection(SolutionProperties) = preSolution
		HideSolutionNode = FALSE
	EndGlobalSection
	GlobalSection(ExtensibilityGlobals) = postSolution
		SolutionGuid = {707F293E-BA9A-41A7-932F-ED8B973FA09D}
	EndGlobalSection
EndGlobal
